
Microsoft Visual Studio Solution File, Format Version 12.00
# Visual Studio Version 17
VisualStudioVersion = 17.2.32616.157
MinimumVisualStudioVersion = 10.0.40219.1
Project("{FAE04EC0-301F-11D3-BF4B-00C04F79EFBC}") = "Lesson-3", "Lesson-3\Lesson-3.csproj", "{D8C71407-1BB4-45D7-A638-E8BE4391C768}"
EndProject
Global
	GlobalSection(SolutionConfigurationPlatforms) = preSolution
		Debug|Any CPU = Debug|Any CPU
		Release|Any CPU = Release|Any CPU
	EndGlobalSection
	GlobalSection(ProjectConfigurationPlatforms) = postSolution
		{D8C71407-1BB4-45D7-A638-E8BE4391C768}.Debug|Any CPU.ActiveCfg = Debug|Any CPU
		{D8C71407-1BB4-45D7-A638-E8BE4391C768}.Debug|Any CPU.Build.0 = Debug|Any CPU
		{D8C71407-1BB4-45D7-A638-E8BE4391C768}.Release|Any CPU.ActiveCfg = Release|Any CPU
		{D8C71407-1BB4-45D7-A638-E8BE4391C768}.Release|Any CPU.Build.0 = Release|Any CPU
	EndGlobalSection
	GlobalSection(SolutionProperties) = preSolution
		HideSolutionNode = FALSE
	EndGlobalSection
	GlobalSection(ExtensibilityGlobals) = postSolution
		SolutionGuid = {3B4B6281-17B5-4668-9008-B7AFB4F2FB39}
	EndGlobalSection
EndGlobal
